// !$*UTF8*$!
{
	archiveVersion = 1;
	classes = {
	};
	objectVersion = 56;
	objects = {

/* Begin PBXBuildFile section */
		353C6A772AD74ADD006EA64A /* AppDelegate.swift in Sources */ = {isa = PBXBuildFile; fileRef = 353C6A762AD74ADD006EA64A /* AppDelegate.swift */; };
		353C6A792AD74ADD006EA64A /* SceneDelegate.swift in Sources */ = {isa = PBXBuildFile; fileRef = 353C6A782AD74ADD006EA64A /* SceneDelegate.swift */; };
		353C6A7B2AD74ADD006EA64A /* ViewController.swift in Sources */ = {isa = PBXBuildFile; fileRef = 353C6A7A2AD74ADD006EA64A /* ViewController.swift */; };
		353C6A7E2AD74ADD006EA64A /* Main.storyboard in Resources */ = {isa = PBXBuildFile; fileRef = 353C6A7C2AD74ADD006EA64A /* Main.storyboard */; };
		353C6A802AD74ADE006EA64A /* Assets.xcassets in Resources */ = {isa = PBXBuildFile; fileRef = 353C6A7F2AD74ADE006EA64A /* Assets.xcassets */; };
		353C6A832AD74ADE006EA64A /* LaunchScreen.storyboard in Resources */ = {isa = PBXBuildFile; fileRef = 353C6A812AD74ADE006EA64A /* LaunchScreen.storyboard */; };
		353C6A8E2AD74ADE006EA64A /* CLASSMATEKENEFICKTests.swift in Sources */ = {isa = PBXBuildFile; fileRef = 353C6A8D2AD74ADE006EA64A /* CLASSMATEKENEFICKTests.swift */; };
		353C6A982AD74ADE006EA64A /* CLASSMATEKENEFICKUITests.swift in Sources */ = {isa = PBXBuildFile; fileRef = 353C6A972AD74ADE006EA64A /* CLASSMATEKENEFICKUITests.swift */; };
		353C6A9A2AD74ADE006EA64A /* CLASSMATEKENEFICKUITestsLaunchTests.swift in Sources */ = {isa = PBXBuildFile; fileRef = 353C6A992AD74ADE006EA64A /* CLASSMATEKENEFICKUITestsLaunchTests.swift */; };
/* End PBXBuildFile section */

/* Begin PBXContainerItemProxy section */
		353C6A8A2AD74ADE006EA64A /* PBXContainerItemProxy */ = {
			isa = PBXContainerItemProxy;
			containerPortal = 353C6A6B2AD74ADD006EA64A /* Project object */;
			proxyType = 1;
			remoteGlobalIDString = 353C6A722AD74ADD006EA64A;
			remoteInfo = CLASSMATEKENEFICK;
		};
		353C6A942AD74ADE006EA64A /* PBXContainerItemProxy */ = {
			isa = PBXContainerItemProxy;
			containerPortal = 353C6A6B2AD74ADD006EA64A /* Project object */;
			proxyType = 1;
			remoteGlobalIDString = 353C6A722AD74ADD006EA64A;
			remoteInfo = CLASSMATEKENEFICK;
		};
/* End PBXContainerItemProxy section */

/* Begin PBXFileReference section */
		353C6A732AD74ADD006EA64A /* CLASSMATEKENEFICK.app */ = {isa = PBXFileReference; explicitFileType = wrapper.application; includeInIndex = 0; path = CLASSMATEKENEFICK.app; sourceTree = BUILT_PRODUCTS_DIR; };
		353C6A762AD74ADD006EA64A /* AppDelegate.swift */ = {isa = PBXFileReference; lastKnownFileType = sourcecode.swift; path = AppDelegate.swift; sourceTree = "<group>"; };
		353C6A782AD74ADD006EA64A /* SceneDelegate.swift */ = {isa = PBXFileReference; lastKnownFileType = sourcecode.swift; path = SceneDelegate.swift; sourceTree = "<group>"; };
		353C6A7A2AD74ADD006EA64A /* ViewController.swift */ = {isa = PBXFileReference; lastKnownFileType = sourcecode.swift; path = ViewController.swift; sourceTree = "<group>"; };
		353C6A7D2AD74ADD006EA64A /* Base */ = {isa = PBXFileReference; lastKnownFileType = file.storyboard; name = Base; path = Base.lproj/Main.storyboard; sourceTree = "<group>"; };
		353C6A7F2AD74ADE006EA64A /* Assets.xcassets */ = {isa = PBXFileReference; lastKnownFileType = folder.assetcatalog; path = Assets.xcassets; sourceTree = "<group>"; };
		353C6A822AD74ADE006EA64A /* Base */ = {isa = PBXFileReference; lastKnownFileType = file.storyboard; name = Base; path = Base.lproj/LaunchScreen.storyboard; sourceTree = "<group>"; };
		353C6A842AD74ADE006EA64A /* Info.plist */ = {isa = PBXFileReference; lastKnownFileType = text.plist.xml; path = Info.plist; sourceTree = "<group>"; };
		353C6A892AD74ADE006EA64A /* CLASSMATEKENEFICKTests.xctest */ = {isa = PBXFileReference; explicitFileType = wrapper.cfbundle; includeInIndex = 0; path = CLASSMATEKENEFICKTests.xctest; sourceTree = BUILT_PRODUCTS_DIR; };
		353C6A8D2AD74ADE006EA64A /* CLASSMATEKENEFICKTests.swift */ = {isa = PBXFileReference; lastKnownFileType = sourcecode.swift; path = CLASSMATEKENEFICKTests.swift; sourceTree = "<group>"; };
		353C6A932AD74ADE006EA64A /* CLASSMATEKENEFICKUITests.xctest */ = {isa = PBXFileReference; explicitFileType = wrapper.cfbundle; includeInIndex = 0; path = CLASSMATEKENEFICKUITests.xctest; sourceTree = BUILT_PRODUCTS_DIR; };
		353C6A972AD74ADE006EA64A /* CLASSMATEKENEFICKUITests.swift */ = {isa = PBXFileReference; lastKnownFileType = sourcecode.swift; path = CLASSMATEKENEFICKUITests.swift; sourceTree = "<group>"; };
		353C6A992AD74ADE006EA64A /* CLASSMATEKENEFICKUITestsLaunchTests.swift */ = {isa = PBXFileReference; lastKnownFileType = sourcecode.swift; path = CLASSMATEKENEFICKUITestsLaunchTests.swift; sourceTree = "<group>"; };
/* End PBXFileReference section */

/* Begin PBXFrameworksBuildPhase section */
		353C6A702AD74ADD006EA64A /* Frameworks */ = {
			isa = PBXFrameworksBuildPhase;
			buildActionMask = 2147483647;
			files = (
			);
			runOnlyForDeploymentPostprocessing = 0;
		};
		353C6A862AD74ADE006EA64A /* Frameworks */ = {
			isa = PBXFrameworksBuildPhase;
			buildActionMask = 2147483647;
			files = (
			);
			runOnlyForDeploymentPostprocessing = 0;
		};
		353C6A902AD74ADE006EA64A /* Frameworks */ = {
			isa = PBXFrameworksBuildPhase;
			buildActionMask = 2147483647;
			files = (
			);
			runOnlyForDeploymentPostprocessing = 0;
		};
/* End PBXFrameworksBuildPhase section */

/* Begin PBXGroup section */
		353C6A6A2AD74ADD006EA64A = {
			isa = PBXGroup;
			children = (
				353C6A752AD74ADD006EA64A /* CLASSMATEKENEFICK */,
				353C6A8C2AD74ADE006EA64A /* CLASSMATEKENEFICKTests */,
				353C6A962AD74ADE006EA64A /* CLASSMATEKENEFICKUITests */,
				353C6A742AD74ADD006EA64A /* Products */,
			);
			sourceTree = "<group>";
		};
		353C6A742AD74ADD006EA64A /* Products */ = {
			isa = PBXGroup;
			children = (
				353C6A732AD74ADD006EA64A /* CLASSMATEKENEFICK.app */,
				353C6A892AD74ADE006EA64A /* CLASSMATEKENEFICKTests.xctest */,
				353C6A932AD74ADE006EA64A /* CLASSMATEKENEFICKUITests.xctest */,
			);
			name = Products;
			sourceTree = "<group>";
		};
		353C6A752AD74ADD006EA64A /* CLASSMATEKENEFICK */ = {
			isa = PBXGroup;
			children = (
				353C6A762AD74ADD006EA64A /* AppDelegate.swift */,
				353C6A782AD74ADD006EA64A /* SceneDelegate.swift */,
				353C6A7A2AD74ADD006EA64A /* ViewController.swift */,
				353C6A7C2AD74ADD006EA64A /* Main.storyboard */,
				353C6A7F2AD74ADE006EA64A /* Assets.xcassets */,
				353C6A812AD74ADE006EA64A /* LaunchScreen.storyboard */,
				353C6A842AD74ADE006EA64A /* Info.plist */,
			);
			path = CLASSMATEKENEFICK;
			sourceTree = "<group>";
		};
		353C6A8C2AD74ADE006EA64A /* CLASSMATEKENEFICKTests */ = {
			isa = PBXGroup;
			children = (
				353C6A8D2AD74ADE006EA64A /* CLASSMATEKENEFICKTests.swift */,
			);
			path = CLASSMATEKENEFICKTests;
			sourceTree = "<group>";
		};
		353C6A962AD74ADE006EA64A /* CLASSMATEKENEFICKUITests */ = {
			isa = PBXGroup;
			children = (
				353C6A972AD74ADE006EA64A /* CLASSMATEKENEFICKUITests.swift */,
				353C6A992AD74ADE006EA64A /* CLASSMATEKENEFICKUITestsLaunchTests.swift */,
			);
			path = CLASSMATEKENEFICKUITests;
			sourceTree = "<group>";
		};
/* End PBXGroup section */

/* Begin PBXNativeTarget section */
		353C6A722AD74ADD006EA64A /* CLASSMATEKENEFICK */ = {
			isa = PBXNativeTarget;
			buildConfigurationList = 353C6A9D2AD74ADE006EA64A /* Build configuration list for PBXNativeTarget "CLASSMATEKENEFICK" */;
			buildPhases = (
				353C6A6F2AD74ADD006EA64A /* Sources */,
				353C6A702AD74ADD006EA64A /* Frameworks */,
				353C6A712AD74ADD006EA64A /* Resources */,
			);
			buildRules = (
			);
			dependencies = (
			);
			name = CLASSMATEKENEFICK;
			productName = CLASSMATEKENEFICK;
			productReference = 353C6A732AD74ADD006EA64A /* CLASSMATEKENEFICK.app */;
			productType = "com.apple.product-type.application";
		};
		353C6A882AD74ADE006EA64A /* CLASSMATEKENEFICKTests */ = {
			isa = PBXNativeTarget;
			buildConfigurationList = 353C6AA02AD74ADE006EA64A /* Build configuration list for PBXNativeTarget "CLASSMATEKENEFICKTests" */;
			buildPhases = (
				353C6A852AD74ADE006EA64A /* Sources */,
				353C6A862AD74ADE006EA64A /* Frameworks */,
				353C6A872AD74ADE006EA64A /* Resources */,
			);
			buildRules = (
			);
			dependencies = (
				353C6A8B2AD74ADE006EA64A /* PBXTargetDependency */,
			);
			name = CLASSMATEKENEFICKTests;
			productName = CLASSMATEKENEFICKTests;
			productReference = 353C6A892AD74ADE006EA64A /* CLASSMATEKENEFICKTests.xctest */;
			productType = "com.apple.product-type.bundle.unit-test";
		};
		353C6A922AD74ADE006EA64A /* CLASSMATEKENEFICKUITests */ = {
			isa = PBXNativeTarget;
			buildConfigurationList = 353C6AA32AD74ADE006EA64A /* Build configuration list for PBXNativeTarget "CLASSMATEKENEFICKUITests" */;
			buildPhases = (
				353C6A8F2AD74ADE006EA64A /* Sources */,
				353C6A902AD74ADE006EA64A /* Frameworks */,
				353C6A912AD74ADE006EA64A /* Resources */,
			);
			buildRules = (
			);
			dependencies = (
				353C6A952AD74ADE006EA64A /* PBXTargetDependency */,
			);
			name = CLASSMATEKENEFICKUITests;
			productName = CLASSMATEKENEFICKUITests;
			productReference = 353C6A932AD74ADE006EA64A /* CLASSMATEKENEFICKUITests.xctest */;
			productType = "com.apple.product-type.bundle.ui-testing";
		};
/* End PBXNativeTarget section */

/* Begin PBXProject section */
		353C6A6B2AD74ADD006EA64A /* Project object */ = {
			isa = PBXProject;
			attributes = {
				BuildIndependentTargetsInParallel = 1;
				LastSwiftUpdateCheck = 1500;
				LastUpgradeCheck = 1500;
				TargetAttributes = {
					353C6A722AD74ADD006EA64A = {
						CreatedOnToolsVersion = 15.0;
					};
					353C6A882AD74ADE006EA64A = {
						CreatedOnToolsVersion = 15.0;
						TestTargetID = 353C6A722AD74ADD006EA64A;
					};
					353C6A922AD74ADE006EA64A = {
						CreatedOnToolsVersion = 15.0;
						TestTargetID = 353C6A722AD74ADD006EA64A;
					};
				};
			};
			buildConfigurationList = 353C6A6E2AD74ADD006EA64A /* Build configuration list for PBXProject "CLASSMATEKENEFICK" */;
			compatibilityVersion = "Xcode 14.0";
			developmentRegion = en;
			hasScannedForEncodings = 0;
			knownRegions = (
				en,
				Base,
			);
			mainGroup = 353C6A6A2AD74ADD006EA64A;
			productRefGroup = 353C6A742AD74ADD006EA64A /* Products */;
			projectDirPath = "";
			projectRoot = "";
			targets = (
				353C6A722AD74ADD006EA64A /* CLASSMATEKENEFICK */,
				353C6A882AD74ADE006EA64A /* CLASSMATEKENEFICKTests */,
				353C6A922AD74ADE006EA64A /* CLASSMATEKENEFICKUITests */,
			);
		};
/* End PBXProject section */

/* Begin PBXResourcesBuildPhase section */
		353C6A712AD74ADD006EA64A /* Resources */ = {
			isa = PBXResourcesBuildPhase;
			buildActionMask = 2147483647;
			files = (
				353C6A832AD74ADE006EA64A /* LaunchScreen.storyboard in Resources */,
				353C6A802AD74ADE006EA64A /* Assets.xcassets in Resources */,
				353C6A7E2AD74ADD006EA64A /* Main.storyboard in Resources */,
			);
			runOnlyForDeploymentPostprocessing = 0;
		};
		353C6A872AD74ADE006EA64A /* Resources */ = {
			isa = PBXResourcesBuildPhase;
			buildActionMask = 2147483647;
			files = (
			);
			runOnlyForDeploymentPostprocessing = 0;
		};
		353C6A912AD74ADE006EA64A /* Resources */ = {
			isa = PBXResourcesBuildPhase;
			buildActionMask = 2147483647;
			files = (
			);
			runOnlyForDeploymentPostprocessing = 0;
		};
/* End PBXResourcesBuildPhase section */

/* Begin PBXSourcesBuildPhase section */
		353C6A6F2AD74ADD006EA64A /* Sources */ = {
			isa = PBXSourcesBuildPhase;
			buildActionMask = 2147483647;
			files = (
				353C6A7B2AD74ADD006EA64A /* ViewController.swift in Sources */,
				353C6A772AD74ADD006EA64A /* AppDelegate.swift in Sources */,
				353C6A792AD74ADD006EA64A /* SceneDelegate.swift in Sources */,
			);
			runOnlyForDeploymentPostprocessing = 0;
		};
		353C6A852AD74ADE006EA64A /* Sources */ = {
			isa = PBXSourcesBuildPhase;
			buildActionMask = 2147483647;
			files = (
				353C6A8E2AD74ADE006EA64A /* CLASSMATEKENEFICKTests.swift in Sources */,
			);
			runOnlyForDeploymentPostprocessing = 0;
		};
		353C6A8F2AD74ADE006EA64A /* Sources */ = {
			isa = PBXSourcesBuildPhase;
			buildActionMask = 2147483647;
			files = (
				353C6A9A2AD74ADE006EA64A /* CLASSMATEKENEFICKUITestsLaunchTests.swift in Sources */,
				353C6A982AD74ADE006EA64A /* CLASSMATEKENEFICKUITests.swift in Sources */,
			);
			runOnlyForDeploymentPostprocessing = 0;
		};
/* End PBXSourcesBuildPhase section */

/* Begin PBXTargetDependency section */
		353C6A8B2AD74ADE006EA64A /* PBXTargetDependency */ = {
			isa = PBXTargetDependency;
			target = 353C6A722AD74ADD006EA64A /* CLASSMATEKENEFICK */;
			targetProxy = 353C6A8A2AD74ADE006EA64A /* PBXContainerItemProxy */;
		};
		353C6A952AD74ADE006EA64A /* PBXTargetDependency */ = {
			isa = PBXTargetDependency;
			target = 353C6A722AD74ADD006EA64A /* CLASSMATEKENEFICK */;
			targetProxy = 353C6A942AD74ADE006EA64A /* PBXContainerItemProxy */;
		};
/* End PBXTargetDependency section */

/* Begin PBXVariantGroup section */
		353C6A7C2AD74ADD006EA64A /* Main.storyboard */ = {
			isa = PBXVariantGroup;
			children = (
				353C6A7D2AD74ADD006EA64A /* Base */,
			);
			name = Main.storyboard;
			sourceTree = "<group>";
		};
		353C6A812AD74ADE006EA64A /* LaunchScreen.storyboard */ = {
			isa = PBXVariantGroup;
			children = (
				353C6A822AD74ADE006EA64A /* Base */,
			);
			name = LaunchScreen.storyboard;
			sourceTree = "<group>";
		};
/* End PBXVariantGroup section */

/* Begin XCBuildConfiguration section */
		353C6A9B2AD74ADE006EA64A /* Debug */ = {
			isa = XCBuildConfiguration;
			buildSettings = {
				ALWAYS_SEARCH_USER_PATHS = NO;
				ASSETCATALOG_COMPILER_GENERATE_SWIFT_ASSET_SYMBOL_EXTENSIONS = YES;
				CLANG_ANALYZER_NONNULL = YES;
				CLANG_ANALYZER_NUMBER_OBJECT_CONVERSION = YES_AGGRESSIVE;
				CLANG_CXX_LANGUAGE_STANDARD = "gnu++20";
				CLANG_ENABLE_MODULES = YES;
				CLANG_ENABLE_OBJC_ARC = YES;
				CLANG_ENABLE_OBJC_WEAK = YES;
				CLANG_WARN_BLOCK_CAPTURE_AUTORELEASING = YES;
				CLANG_WARN_BOOL_CONVERSION = YES;
				CLANG_WARN_COMMA = YES;
				CLANG_WARN_CONSTANT_CONVERSION = YES;
				CLANG_WARN_DEPRECATED_OBJC_IMPLEMENTATIONS = YES;
				CLANG_WARN_DIRECT_OBJC_ISA_USAGE = YES_ERROR;
				CLANG_WARN_DOCUMENTATION_COMMENTS = YES;
				CLANG_WARN_EMPTY_BODY = YES;
				CLANG_WARN_ENUM_CONVERSION = YES;
				CLANG_WARN_INFINITE_RECURSION = YES;
				CLANG_WARN_INT_CONVERSION = YES;
				CLANG_WARN_NON_LITERAL_NULL_CONVERSION = YES;
				CLANG_WARN_OBJC_IMPLICIT_RETAIN_SELF = YES;
				CLANG_WARN_OBJC_LITERAL_CONVERSION = YES;
				CLANG_WARN_OBJC_ROOT_CLASS = YES_ERROR;
				CLANG_WARN_QUOTED_INCLUDE_IN_FRAMEWORK_HEADER = YES;
				CLANG_WARN_RANGE_LOOP_ANALYSIS = YES;
				CLANG_WARN_STRICT_PROTOTYPES = YES;
				CLANG_WARN_SUSPICIOUS_MOVE = YES;
				CLANG_WARN_UNGUARDED_AVAILABILITY = YES_AGGRESSIVE;
				CLANG_WARN_UNREACHABLE_CODE = YES;
				CLANG_WARN__DUPLICATE_METHOD_MATCH = YES;
				COPY_PHASE_STRIP = NO;
				DEBUG_INFORMATION_FORMAT = dwarf;
				ENABLE_STRICT_OBJC_MSGSEND = YES;
				ENABLE_TESTABILITY = YES;
				ENABLE_USER_SCRIPT_SANDBOXING = YES;
				GCC_C_LANGUAGE_STANDARD = gnu17;
				GCC_DYNAMIC_NO_PIC = NO;
				GCC_NO_COMMON_BLOCKS = YES;
				GCC_OPTIMIZATION_LEVEL = 0;
				GCC_PREPROCESSOR_DEFINITIONS = (
					"DEBUG=1",
					"$(inherited)",
				);
				GCC_WARN_64_TO_32_BIT_CONVERSION = YES;
				GCC_WARN_ABOUT_RETURN_TYPE = YES_ERROR;
				GCC_WARN_UNDECLARED_SELECTOR = YES;
				GCC_WARN_UNINITIALIZED_AUTOS = YES_AGGRESSIVE;
				GCC_WARN_UNUSED_FUNCTION = YES;
				GCC_WARN_UNUSED_VARIABLE = YES;
				IPHONEOS_DEPLOYMENT_TARGET = 17.0;
				LOCALIZATION_PREFERS_STRING_CATALOGS = YES;
				MTL_ENABLE_DEBUG_INFO = INCLUDE_SOURCE;
				MTL_FAST_MATH = YES;
				ONLY_ACTIVE_ARCH = YES;
				SDKROOT = iphoneos;
				SWIFT_ACTIVE_COMPILATION_CONDITIONS = "DEBUG $(inherited)";
				SWIFT_OPTIMIZATION_LEVEL = "-Onone";
			};
			name = Debug;
		};
		353C6A9C2AD74ADE006EA64A /* Release */ = {
			isa = XCBuildConfiguration;
			buildSettings = {
				ALWAYS_SEARCH_USER_PATHS = NO;
				ASSETCATALOG_COMPILER_GENERATE_SWIFT_ASSET_SYMBOL_EXTENSIONS = YES;
				CLANG_ANALYZER_NONNULL = YES;
				CLANG_ANALYZER_NUMBER_OBJECT_CONVERSION = YES_AGGRESSIVE;
				CLANG_CXX_LANGUAGE_STANDARD = "gnu++20";
				CLANG_ENABLE_MODULES = YES;
				CLANG_ENABLE_OBJC_ARC = YES;
				CLANG_ENABLE_OBJC_WEAK = YES;
				CLANG_WARN_BLOCK_CAPTURE_AUTORELEASING = YES;
				CLANG_WARN_BOOL_CONVERSION = YES;
				CLANG_WARN_COMMA = YES;
				CLANG_WARN_CONSTANT_CONVERSION = YES;
				CLANG_WARN_DEPRECATED_OBJC_IMPLEMENTATIONS = YES;
				CLANG_WARN_DIRECT_OBJC_ISA_USAGE = YES_ERROR;
				CLANG_WARN_DOCUMENTATION_COMMENTS = YES;
				CLANG_WARN_EMPTY_BODY = YES;
				CLANG_WARN_ENUM_CONVERSION = YES;
				CLANG_WARN_INFINITE_RECURSION = YES;
				CLANG_WARN_INT_CONVERSION = YES;
				CLANG_WARN_NON_LITERAL_NULL_CONVERSION = YES;
				CLANG_WARN_OBJC_IMPLICIT_RETAIN_SELF = YES;
				CLANG_WARN_OBJC_LITERAL_CONVERSION = YES;
				CLANG_WARN_OBJC_ROOT_CLASS = YES_ERROR;
				CLANG_WARN_QUOTED_INCLUDE_IN_FRAMEWORK_HEADER = YES;
				CLANG_WARN_RANGE_LOOP_ANALYSIS = YES;
				CLANG_WARN_STRICT_PROTOTYPES = YES;
				CLANG_WARN_SUSPICIOUS_MOVE = YES;
				CLANG_WARN_UNGUARDED_AVAILABILITY = YES_AGGRESSIVE;
				CLANG_WARN_UNREACHABLE_CODE = YES;
				CLANG_WARN__DUPLICATE_METHOD_MATCH = YES;
				COPY_PHASE_STRIP = NO;
				DEBUG_INFORMATION_FORMAT = "dwarf-with-dsym";
				ENABLE_NS_ASSERTIONS = NO;
				ENABLE_STRICT_OBJC_MSGSEND = YES;
				ENABLE_USER_SCRIPT_SANDBOXING = YES;
				GCC_C_LANGUAGE_STANDARD = gnu17;
				GCC_NO_COMMON_BLOCKS = YES;
				GCC_WARN_64_TO_32_BIT_CONVERSION = YES;
				GCC_WARN_ABOUT_RETURN_TYPE = YES_ERROR;
				GCC_WARN_UNDECLARED_SELECTOR = YES;
				GCC_WARN_UNINITIALIZED_AUTOS = YES_AGGRESSIVE;
				GCC_WARN_UNUSED_FUNCTION = YES;
				GCC_WARN_UNUSED_VARIABLE = YES;
				IPHONEOS_DEPLOYMENT_TARGET = 17.0;
				LOCALIZATION_PREFERS_STRING_CATALOGS = YES;
				MTL_ENABLE_DEBUG_INFO = NO;
				MTL_FAST_MATH = YES;
				SDKROOT = iphoneos;
				SWIFT_COMPILATION_MODE = wholemodule;
				VALIDATE_PRODUCT = YES;
			};
			name = Release;
		};
		353C6A9E2AD74ADE006EA64A /* Debug */ = {
			isa = XCBuildConfiguration;
			buildSettings = {
				ASSETCATALOG_COMPILER_APPICON_NAME = AppIcon;
				ASSETCATALOG_COMPILER_GLOBAL_ACCENT_COLOR_NAME = AccentColor;
				CODE_SIGN_STYLE = Automatic;
				CURRENT_PROJECT_VERSION = 1;
				DEVELOPMENT_TEAM = YZW449RF67;
				GENERATE_INFOPLIST_FILE = YES;
				INFOPLIST_FILE = CLASSMATEKENEFICK/Info.plist;
				INFOPLIST_KEY_UIApplicationSupportsIndirectInputEvents = YES;
				INFOPLIST_KEY_UILaunchStoryboardName = LaunchScreen;
				INFOPLIST_KEY_UIMainStoryboardFile = Main;
				INFOPLIST_KEY_UISupportedInterfaceOrientations_iPad = "UIInterfaceOrientationPortrait UIInterfaceOrientationPortraitUpsideDown UIInterfaceOrientationLandscapeLeft UIInterfaceOrientationLandscapeRight";
				INFOPLIST_KEY_UISupportedInterfaceOrientations_iPhone = "UIInterfaceOrientationPortrait UIInterfaceOrientationLandscapeLeft UIInterfaceOrientationLandscapeRight";
				LD_RUNPATH_SEARCH_PATHS = (
					"$(inherited)",
					"@executable_path/Frameworks",
				);
				MARKETING_VERSION = 1.0;
				PRODUCT_BUNDLE_IDENTIFIER = Swift.CLASSMATEKENEFICK;
				PRODUCT_NAME = "$(TARGET_NAME)";
				SWIFT_EMIT_LOC_STRINGS = YES;
				SWIFT_VERSION = 5.0;
				TARGETED_DEVICE_FAMILY = "1,2";
			};
			name = Debug;
		};
		353C6A9F2AD74ADE006EA64A /* Release */ = {
			isa = XCBuildConfiguration;
			buildSettings = {
				ASSETCATALOG_COMPILER_APPICON_NAME = AppIcon;
				ASSETCATALOG_COMPILER_GLOBAL_ACCENT_COLOR_NAME = AccentColor;
				CODE_SIGN_STYLE = Automatic;
				CURRENT_PROJECT_VERSION = 1;
				DEVELOPMENT_TEAM = YZW449RF67;
				GENERATE_INFOPLIST_FILE = YES;
				INFOPLIST_FILE = CLASSMATEKENEFICK/Info.plist;
				INFOPLIST_KEY_UIApplicationSupportsIndirectInputEvents = YES;
				INFOPLIST_KEY_UILaunchStoryboardName = LaunchScreen;
				INFOPLIST_KEY_UIMainStoryboardFile = Main;
				INFOPLIST_KEY_UISupportedInterfaceOrientations_iPad = "UIInterfaceOrientationPortrait UIInterfaceOrientationPortraitUpsideDown UIInterfaceOrientationLandscapeLeft UIInterfaceOrientationLandscapeRight";
				INFOPLIST_KEY_UISupportedInterfaceOrientations_iPhone = "UIInterfaceOrientationPortrait UIInterfaceOrientationLandscapeLeft UIInterfaceOrientationLandscapeRight";
				LD_RUNPATH_SEARCH_PATHS = (
					"$(inherited)",
					"@executable_path/Frameworks",
				);
				MARKETING_VERSION = 1.0;
				PRODUCT_BUNDLE_IDENTIFIER = Swift.CLASSMATEKENEFICK;
				PRODUCT_NAME = "$(TARGET_NAME)";
				SWIFT_EMIT_LOC_STRINGS = YES;
				SWIFT_VERSION = 5.0;
				TARGETED_DEVICE_FAMILY = "1,2";
			};
			name = Release;
		};
		353C6AA12AD74ADE006EA64A /* Debug */ = {
			isa = XCBuildConfiguration;
			buildSettings = {
				ALWAYS_EMBED_SWIFT_STANDARD_LIBRARIES = YES;
				BUNDLE_LOADER = "$(TEST_HOST)";
				CODE_SIGN_STYLE = Automatic;
				CURRENT_PROJECT_VERSION = 1;
				DEVELOPMENT_TEAM = YZW449RF67;
				GENERATE_INFOPLIST_FILE = YES;
				IPHONEOS_DEPLOYMENT_TARGET = 17.0;
				MARKETING_VERSION = 1.0;
				PRODUCT_BUNDLE_IDENTIFIER = Swift.CLASSMATEKENEFICKTests;
				PRODUCT_NAME = "$(TARGET_NAME)";
				SWIFT_EMIT_LOC_STRINGS = NO;
				SWIFT_VERSION = 5.0;
				TARGETED_DEVICE_FAMILY = "1,2";
				TEST_HOST = "$(BUILT_PRODUCTS_DIR)/CLASSMATEKENEFICK.app/$(BUNDLE_EXECUTABLE_FOLDER_PATH)/CLASSMATEKENEFICK";
			};
			name = Debug;
		};
		353C6AA22AD74ADE006EA64A /* Release */ = {
			isa = XCBuildConfiguration;
			buildSettings = {
				ALWAYS_EMBED_SWIFT_STANDARD_LIBRARIES = YES;
				BUNDLE_LOADER = "$(TEST_HOST)";
				CODE_SIGN_STYLE = Automatic;
				CURRENT_PROJECT_VERSION = 1;
				DEVELOPMENT_TEAM = YZW449RF67;
				GENERATE_INFOPLIST_FILE = YES;
				IPHONEOS_DEPLOYMENT_TARGET = 17.0;
				MARKETING_VERSION = 1.0;
				PRODUCT_BUNDLE_IDENTIFIER = Swift.CLASSMATEKENEFICKTests;
				PRODUCT_NAME = "$(TARGET_NAME)";
				SWIFT_EMIT_LOC_STRINGS = NO;
				SWIFT_VERSION = 5.0;
				TARGETED_DEVICE_FAMILY = "1,2";
				TEST_HOST = "$(BUILT_PRODUCTS_DIR)/CLASSMATEKENEFICK.app/$(BUNDLE_EXECUTABLE_FOLDER_PATH)/CLASSMATEKENEFICK";
			};
			name = Release;
		};
		353C6AA42AD74ADE006EA64A /* Debug */ = {
			isa = XCBuildConfiguration;
			buildSettings = {
				ALWAYS_EMBED_SWIFT_STANDARD_LIBRARIES = YES;
				CODE_SIGN_STYLE = Automatic;
				CURRENT_PROJECT_VERSION = 1;
				DEVELOPMENT_TEAM = YZW449RF67;
				GENERATE_INFOPLIST_FILE = YES;
				MARKETING_VERSION = 1.0;
				PRODUCT_BUNDLE_IDENTIFIER = Swift.CLASSMATEKENEFICKUITests;
				PRODUCT_NAME = "$(TARGET_NAME)";
				SWIFT_EMIT_LOC_STRINGS = NO;
				SWIFT_VERSION = 5.0;
				TARGETED_DEVICE_FAMILY = "1,2";
				TEST_TARGET_NAME = CLASSMATEKENEFICK;
			};
			name = Debug;
		};
		353C6AA52AD74ADE006EA64A /* Release */ = {
			isa = XCBuildConfiguration;
			buildSettings = {
				ALWAYS_EMBED_SWIFT_STANDARD_LIBRARIES = YES;
				CODE_SIGN_STYLE = Automatic;
				CURRENT_PROJECT_VERSION = 1;
				DEVELOPMENT_TEAM = YZW449RF67;
				GENERATE_INFOPLIST_FILE = YES;
				MARKETING_VERSION = 1.0;
				PRODUCT_BUNDLE_IDENTIFIER = Swift.CLASSMATEKENEFICKUITests;
				PRODUCT_NAME = "$(TARGET_NAME)";
				SWIFT_EMIT_LOC_STRINGS = NO;
				SWIFT_VERSION = 5.0;
				TARGETED_DEVICE_FAMILY = "1,2";
				TEST_TARGET_NAME = CLASSMATEKENEFICK;
			};
			name = Release;
		};
/* End XCBuildConfiguration section */

/* Begin XCConfigurationList section */
		353C6A6E2AD74ADD006EA64A /* Build configuration list for PBXProject "CLASSMATEKENEFICK" */ = {
			isa = XCConfigurationList;
			buildConfigurations = (
				353C6A9B2AD74ADE006EA64A /* Debug */,
				353C6A9C2AD74ADE006EA64A /* Release */,
			);
			defaultConfigurationIsVisible = 0;
			defaultConfigurationName = Release;
		};
		353C6A9D2AD74ADE006EA64A /* Build configuration list for PBXNativeTarget "CLASSMATEKENEFICK" */ = {
			isa = XCConfigurationList;
			buildConfigurations = (
				353C6A9E2AD74ADE006EA64A /* Debug */,
				353C6A9F2AD74ADE006EA64A /* Release */,
			);
			defaultConfigurationIsVisible = 0;
			defaultConfigurationName = Release;
		};
		353C6AA02AD74ADE006EA64A /* Build configuration list for PBXNativeTarget "CLASSMATEKENEFICKTests" */ = {
			isa = XCConfigurationList;
			buildConfigurations = (
				353C6AA12AD74ADE006EA64A /* Debug */,
				353C6AA22AD74ADE006EA64A /* Release */,
			);
			defaultConfigurationIsVisible = 0;
			defaultConfigurationName = Release;
		};
		353C6AA32AD74ADE006EA64A /* Build configuration list for PBXNativeTarget "CLASSMATEKENEFICKUITests" */ = {
			isa = XCConfigurationList;
			buildConfigurations = (
				353C6AA42AD74ADE006EA64A /* Debug */,
				353C6AA52AD74ADE006EA64A /* Release */,
			);
			defaultConfigurationIsVisible = 0;
			defaultConfigurationName = Release;
		};
/* End XCConfigurationList section */
	};
	rootObject = 353C6A6B2AD74ADD006EA64A /* Project object */;
}
